// !$*UTF8*$!
{
	archiveVersion = 1;
	classes = {
	};
	objectVersion = 46;
	objects = {

/* Begin PBXBuildFile section */
		D80DBEDC1D41C3F400027519 /* health读取数据.entitlements in Resources */ = {isa = PBXBuildFile; fileRef = D80DBEDB1D41C3F400027519 /* health读取数据.entitlements */; };
		D816F9BA1D41AEAC00357A65 /* HealthManager.m in Sources */ = {isa = PBXBuildFile; fileRef = D816F9B41D41AEAC00357A65 /* HealthManager.m */; };
		D816F9BB1D41AEAC00357A65 /* HealthModel.m in Sources */ = {isa = PBXBuildFile; fileRef = D816F9B61D41AEAC00357A65 /* HealthModel.m */; };
		D816F9BD1D41AEAC00357A65 /* HKHealthStore+Extension.m in Sources */ = {isa = PBXBuildFile; fileRef = D816F9B91D41AEAC00357A65 /* HKHealthStore+Extension.m */; };
		D87122A01D3CA232005571B0 /* main.m in Sources */ = {isa = PBXBuildFile; fileRef = D871229F1D3CA232005571B0 /* main.m */; };
		D87122A31D3CA233005571B0 /* AppDelegate.m in Sources */ = {isa = PBXBuildFile; fileRef = D87122A21D3CA233005571B0 /* AppDelegate.m */; };
		D87122A61D3CA233005571B0 /* ViewController.m in Sources */ = {isa = PBXBuildFile; fileRef = D87122A51D3CA233005571B0 /* ViewController.m */; };
		D87122A91D3CA233005571B0 /* Main.storyboard in Resources */ = {isa = PBXBuildFile; fileRef = D87122A71D3CA233005571B0 /* Main.storyboard */; };
		D87122AB1D3CA233005571B0 /* Assets.xcassets in Resources */ = {isa = PBXBuildFile; fileRef = D87122AA1D3CA233005571B0 /* Assets.xcassets */; };
		D87122AE1D3CA233005571B0 /* LaunchScreen.storyboard in Resources */ = {isa = PBXBuildFile; fileRef = D87122AC1D3CA233005571B0 /* LaunchScreen.storyboard */; };
		D88831B01D422C8E009BCEB3 /* AppDelegate+Extension.m in Sources */ = {isa = PBXBuildFile; fileRef = D88831AF1D422C8E009BCEB3 /* AppDelegate+Extension.m */; };
		D8ED23441D45EBB1009E1390 /* NSString+Json.m in Sources */ = {isa = PBXBuildFile; fileRef = D8ED23431D45EBB1009E1390 /* NSString+Json.m */; };
		D8F359B11D40B9D700B8C56E /* HealthKit.framework in Frameworks */ = {isa = PBXBuildFile; fileRef = D87122B71D3CA269005571B0 /* HealthKit.framework */; };
/* End PBXBuildFile section */

/* Begin PBXFileReference section */
		D80DBEDB1D41C3F400027519 /* health读取数据.entitlements */ = {isa = PBXFileReference; fileEncoding = 4; lastKnownFileType = text.xml; name = "health读取数据.entitlements"; path = "health读取数据/health读取数据.entitlements"; sourceTree = SOURCE_ROOT; };
		D816F9B31D41AEAC00357A65 /* HealthManager.h */ = {isa = PBXFileReference; fileEncoding = 4; lastKnownFileType = sourcecode.c.h; path = HealthManager.h; sourceTree = "<group>"; };
		D816F9B41D41AEAC00357A65 /* HealthManager.m */ = {isa = PBXFileReference; fileEncoding = 4; lastKnownFileType = sourcecode.c.objc; path = HealthManager.m; sourceTree = "<group>"; };
		D816F9B51D41AEAC00357A65 /* HealthModel.h */ = {isa = PBXFileReference; fileEncoding = 4; lastKnownFileType = sourcecode.c.h; path = HealthModel.h; sourceTree = "<group>"; };
		D816F9B61D41AEAC00357A65 /* HealthModel.m */ = {isa = PBXFileReference; fileEncoding = 4; lastKnownFileType = sourcecode.c.objc; path = HealthModel.m; sourceTree = "<group>"; };
		D816F9B81D41AEAC00357A65 /* HKHealthStore+Extension.h */ = {isa = PBXFileReference; fileEncoding = 4; lastKnownFileType = sourcecode.c.h; path = "HKHealthStore+Extension.h"; sourceTree = "<group>"; };
		D816F9B91D41AEAC00357A65 /* HKHealthStore+Extension.m */ = {isa = PBXFileReference; fileEncoding = 4; lastKnownFileType = sourcecode.c.objc; path = "HKHealthStore+Extension.m"; sourceTree = "<group>"; };
		D871229B1D3CA232005571B0 /* health读取数据.app */ = {isa = PBXFileReference; explicitFileType = wrapper.application; includeInIndex = 0; path = "health读取数据.app"; sourceTree = BUILT_PRODUCTS_DIR; };
		D871229F1D3CA232005571B0 /* main.m */ = {isa = PBXFileReference; lastKnownFileType = sourcecode.c.objc; path = main.m; sourceTree = "<group>"; };
		D87122A11D3CA232005571B0 /* AppDelegate.h */ = {isa = PBXFileReference; lastKnownFileType = sourcecode.c.h; path = AppDelegate.h; sourceTree = "<group>"; };
		D87122A21D3CA233005571B0 /* AppDelegate.m */ = {isa = PBXFileReference; lastKnownFileType = sourcecode.c.objc; path = AppDelegate.m; sourceTree = "<group>"; };
		D87122A41D3CA233005571B0 /* ViewController.h */ = {isa = PBXFileReference; lastKnownFileType = sourcecode.c.h; path = ViewController.h; sourceTree = "<group>"; };
		D87122A51D3CA233005571B0 /* ViewController.m */ = {isa = PBXFileReference; lastKnownFileType = sourcecode.c.objc; path = ViewController.m; sourceTree = "<group>"; };
		D87122A81D3CA233005571B0 /* Base */ = {isa = PBXFileReference; lastKnownFileType = file.storyboard; name = Base; path = Base.lproj/Main.storyboard; sourceTree = "<group>"; };
		D87122AA1D3CA233005571B0 /* Assets.xcassets */ = {isa = PBXFileReference; lastKnownFileType = folder.assetcatalog; path = Assets.xcassets; sourceTree = "<group>"; };
		D87122AD1D3CA233005571B0 /* Base */ = {isa = PBXFileReference; lastKnownFileType = file.storyboard; name = Base; path = Base.lproj/LaunchScreen.storyboard; sourceTree = "<group>"; };
		D87122AF1D3CA234005571B0 /* Info.plist */ = {isa = PBXFileReference; lastKnownFileType = text.plist.xml; path = Info.plist; sourceTree = "<group>"; };
		D87122B71D3CA269005571B0 /* HealthKit.framework */ = {isa = PBXFileReference; lastKnownFileType = wrapper.framework; name = HealthKit.framework; path = System/Library/Frameworks/HealthKit.framework; sourceTree = SDKROOT; };
		D88831AE1D422C8E009BCEB3 /* AppDelegate+Extension.h */ = {isa = PBXFileReference; fileEncoding = 4; lastKnownFileType = sourcecode.c.h; path = "AppDelegate+Extension.h"; sourceTree = "<group>"; };
		D88831AF1D422C8E009BCEB3 /* AppDelegate+Extension.m */ = {isa = PBXFileReference; fileEncoding = 4; lastKnownFileType = sourcecode.c.objc; path = "AppDelegate+Extension.m"; sourceTree = "<group>"; };
		D8ED23421D45EBB1009E1390 /* NSString+Json.h */ = {isa = PBXFileReference; fileEncoding = 4; lastKnownFileType = sourcecode.c.h; path = "NSString+Json.h"; sourceTree = "<group>"; };
		D8ED23431D45EBB1009E1390 /* NSString+Json.m */ = {isa = PBXFileReference; fileEncoding = 4; lastKnownFileType = sourcecode.c.objc; path = "NSString+Json.m"; sourceTree = "<group>"; };
		D8ED23541D45EC4D009E1390 /* ACMacros.h */ = {isa = PBXFileReference; lastKnownFileType = sourcecode.c.h; name = ACMacros.h; path = "health读取数据/HealthManager/ACMacros.h"; sourceTree = SOURCE_ROOT; };
/* End PBXFileReference section */

/* Begin PBXFrameworksBuildPhase section */
		D87122981D3CA232005571B0 /* Frameworks */ = {
			isa = PBXFrameworksBuildPhase;
			buildActionMask = 2147483647;
			files = (
				D8F359B11D40B9D700B8C56E /* HealthKit.framework in Frameworks */,
			);
			runOnlyForDeploymentPostprocessing = 0;
		};
/* End PBXFrameworksBuildPhase section */

/* Begin PBXGroup section */
		D816F9B11D41AEAC00357A65 /* HealthManager */ = {
			isa = PBXGroup;
			children = (
				D8ED23411D45EBB1009E1390 /* NSString+Json */,
				D80DBEDB1D41C3F400027519 /* health读取数据.entitlements */,
				D816F9B31D41AEAC00357A65 /* HealthManager.h */,
				D816F9B41D41AEAC00357A65 /* HealthManager.m */,
				D816F9B51D41AEAC00357A65 /* HealthModel.h */,
				D816F9B61D41AEAC00357A65 /* HealthModel.m */,
				D816F9B81D41AEAC00357A65 /* HKHealthStore+Extension.h */,
				D816F9B91D41AEAC00357A65 /* HKHealthStore+Extension.m */,
			);
			path = HealthManager;
			sourceTree = "<group>";
		};
		D87122921D3CA232005571B0 = {
			isa = PBXGroup;
			children = (
				D871229D1D3CA232005571B0 /* health读取数据 */,
				D871229C1D3CA232005571B0 /* Products */,
				D87122B61D3CA269005571B0 /* Frameworks */,
			);
			sourceTree = "<group>";
		};
		D871229C1D3CA232005571B0 /* Products */ = {
			isa = PBXGroup;
			children = (
				D871229B1D3CA232005571B0 /* health读取数据.app */,
			);
			name = Products;
			sourceTree = "<group>";
		};
		D871229D1D3CA232005571B0 /* health读取数据 */ = {
			isa = PBXGroup;
			children = (
				D816F9B11D41AEAC00357A65 /* HealthManager */,
				D87122A11D3CA232005571B0 /* AppDelegate.h */,
				D87122A21D3CA233005571B0 /* AppDelegate.m */,
				D88831AE1D422C8E009BCEB3 /* AppDelegate+Extension.h */,
				D88831AF1D422C8E009BCEB3 /* AppDelegate+Extension.m */,
				D87122A41D3CA233005571B0 /* ViewController.h */,
				D87122A51D3CA233005571B0 /* ViewController.m */,
				D87122A71D3CA233005571B0 /* Main.storyboard */,
				D87122AA1D3CA233005571B0 /* Assets.xcassets */,
				D87122AC1D3CA233005571B0 /* LaunchScreen.storyboard */,
				D87122AF1D3CA234005571B0 /* Info.plist */,
				D871229E1D3CA232005571B0 /* Supporting Files */,
			);
			path = "health读取数据";
			sourceTree = "<group>";
		};
		D871229E1D3CA232005571B0 /* Supporting Files */ = {
			isa = PBXGroup;
			children = (
				D871229F1D3CA232005571B0 /* main.m */,
			);
			name = "Supporting Files";
			sourceTree = "<group>";
		};
		D87122B61D3CA269005571B0 /* Frameworks */ = {
			isa = PBXGroup;
			children = (
				D87122B71D3CA269005571B0 /* HealthKit.framework */,
			);
			name = Frameworks;
			sourceTree = "<group>";
		};
		D8ED23411D45EBB1009E1390 /* NSString+Json */ = {
			isa = PBXGroup;
			children = (
				D8ED23541D45EC4D009E1390 /* ACMacros.h */,
				D8ED23421D45EBB1009E1390 /* NSString+Json.h */,
				D8ED23431D45EBB1009E1390 /* NSString+Json.m */,
			);
			path = "NSString+Json";
			sourceTree = "<group>";
		};
/* End PBXGroup section */

/* Begin PBXNativeTarget section */
		D871229A1D3CA232005571B0 /* health读取数据 */ = {
			isa = PBXNativeTarget;
			buildConfigurationList = D87122B21D3CA234005571B0 /* Build configuration list for PBXNativeTarget "health读取数据" */;
			buildPhases = (
				D87122971D3CA232005571B0 /* Sources */,
				D87122981D3CA232005571B0 /* Frameworks */,
				D87122991D3CA232005571B0 /* Resources */,
			);
			buildRules = (
			);
			dependencies = (
			);
			name = "health读取数据";
			productName = "health读取数据";
			productReference = D871229B1D3CA232005571B0 /* health读取数据.app */;
			productType = "com.apple.product-type.application";
		};
/* End PBXNativeTarget section */

/* Begin PBXProject section */
		D87122931D3CA232005571B0 /* Project object */ = {
			isa = PBXProject;
			attributes = {
				LastUpgradeCheck = 0800;
				ORGANIZATIONNAME = lvyongtao;
				TargetAttributes = {
					D871229A1D3CA232005571B0 = {
						CreatedOnToolsVersion = 8.0;
						DevelopmentTeam = 39VP6NWEHS;
						DevelopmentTeamName = "永涛 吕 (Personal Team)";
						ProvisioningStyle = Automatic;
						SystemCapabilities = {
							com.apple.HealthKit = {
								enabled = 1;
							};
						};
					};
				};
			};
			buildConfigurationList = D87122961D3CA232005571B0 /* Build configuration list for PBXProject "health读取数据" */;
			compatibilityVersion = "Xcode 3.2";
			developmentRegion = English;
			hasScannedForEncodings = 0;
			knownRegions = (
				en,
				Base,
			);
			mainGroup = D87122921D3CA232005571B0;
			productRefGroup = D871229C1D3CA232005571B0 /* Products */;
			projectDirPath = "";
			projectRoot = "";
			targets = (
				D871229A1D3CA232005571B0 /* health读取数据 */,
			);
		};
/* End PBXProject section */

/* Begin PBXResourcesBuildPhase section */
		D87122991D3CA232005571B0 /* Resources */ = {
			isa = PBXResourcesBuildPhase;
			buildActionMask = 2147483647;
			files = (
				D87122AE1D3CA233005571B0 /* LaunchScreen.storyboard in Resources */,
				D87122AB1D3CA233005571B0 /* Assets.xcassets in Resources */,
				D80DBEDC1D41C3F400027519 /* health读取数据.entitlements in Resources */,
				D87122A91D3CA233005571B0 /* Main.storyboard in Resources */,
			);
			runOnlyForDeploymentPostprocessing = 0;
		};
/* End PBXResourcesBuildPhase section */

/* Begin PBXSourcesBuildPhase section */
		D87122971D3CA232005571B0 /* Sources */ = {
			isa = PBXSourcesBuildPhase;
			buildActionMask = 2147483647;
			files = (
				D87122A61D3CA233005571B0 /* ViewController.m in Sources */,
				D88831B01D422C8E009BCEB3 /* AppDelegate+Extension.m in Sources */,
				D87122A31D3CA233005571B0 /* AppDelegate.m in Sources */,
				D816F9BD1D41AEAC00357A65 /* HKHealthStore+Extension.m in Sources */,
				D87122A01D3CA232005571B0 /* main.m in Sources */,
				D816F9BA1D41AEAC00357A65 /* HealthManager.m in Sources */,
				D816F9BB1D41AEAC00357A65 /* HealthModel.m in Sources */,
				D8ED23441D45EBB1009E1390 /* NSString+Json.m in Sources */,
			);
			runOnlyForDeploymentPostprocessing = 0;
		};
/* End PBXSourcesBuildPhase section */

/* Begin PBXVariantGroup section */
		D87122A71D3CA233005571B0 /* Main.storyboard */ = {
			isa = PBXVariantGroup;
			children = (
				D87122A81D3CA233005571B0 /* Base */,
			);
			name = Main.storyboard;
			sourceTree = "<group>";
		};
		D87122AC1D3CA233005571B0 /* LaunchScreen.storyboard */ = {
			isa = PBXVariantGroup;
			children = (
				D87122AD1D3CA233005571B0 /* Base */,
			);
			name = LaunchScreen.storyboard;
			sourceTree = "<group>";
		};
/* End PBXVariantGroup section */

/* Begin XCBuildConfiguration section */
		D87122B01D3CA234005571B0 /* Debug */ = {
			isa = XCBuildConfiguration;
			buildSettings = {
				ALWAYS_SEARCH_USER_PATHS = NO;
				CLANG_ANALYZER_NONNULL = YES;
				CLANG_CXX_LANGUAGE_STANDARD = "gnu++0x";
				CLANG_CXX_LIBRARY = "libc++";
				CLANG_ENABLE_MODULES = YES;
				CLANG_ENABLE_OBJC_ARC = YES;
				CLANG_WARN_BOOL_CONVERSION = YES;
				CLANG_WARN_CONSTANT_CONVERSION = YES;
				CLANG_WARN_DIRECT_OBJC_ISA_USAGE = YES_ERROR;
				CLANG_WARN_DOCUMENTATION_COMMENTS = YES;
				CLANG_WARN_EMPTY_BODY = YES;
				CLANG_WARN_ENUM_CONVERSION = YES;
				CLANG_WARN_INT_CONVERSION = YES;
				CLANG_WARN_OBJC_ROOT_CLASS = YES_ERROR;
				CLANG_WARN_UNREACHABLE_CODE = YES;
				CLANG_WARN__DUPLICATE_METHOD_MATCH = YES;
				"CODE_SIGN_IDENTITY[sdk=iphoneos*]" = "iPhone Developer";
				COPY_PHASE_STRIP = NO;
				DEBUG_INFORMATION_FORMAT = dwarf;
				ENABLE_STRICT_OBJC_MSGSEND = YES;
				ENABLE_TESTABILITY = YES;
				GCC_C_LANGUAGE_STANDARD = gnu99;
				GCC_DYNAMIC_NO_PIC = NO;
				GCC_NO_COMMON_BLOCKS = YES;
				GCC_OPTIMIZATION_LEVEL = 0;
				GCC_PREPROCESSOR_DEFINITIONS = (
					"DEBUG=1",
					"$(inherited)",
				);
				GCC_WARN_64_TO_32_BIT_CONVERSION = YES;
				GCC_WARN_ABOUT_RETURN_TYPE = YES_ERROR;
				GCC_WARN_UNDECLARED_SELECTOR = YES;
				GCC_WARN_UNINITIALIZED_AUTOS = YES_AGGRESSIVE;
				GCC_WARN_UNUSED_FUNCTION = YES;
				GCC_WARN_UNUSED_VARIABLE = YES;
				IPHONEOS_DEPLOYMENT_TARGET = 10.0;
				MTL_ENABLE_DEBUG_INFO = YES;
				ONLY_ACTIVE_ARCH = YES;
				SDKROOT = iphoneos;
			};
			name = Debug;
		};
		D87122B11D3CA234005571B0 /* Release */ = {
			isa = XCBuildConfiguration;
			buildSettings = {
				ALWAYS_SEARCH_USER_PATHS = NO;
				CLANG_ANALYZER_NONNULL = YES;
				CLANG_CXX_LANGUAGE_STANDARD = "gnu++0x";
				CLANG_CXX_LIBRARY = "libc++";
				CLANG_ENABLE_MODULES = YES;
				CLANG_ENABLE_OBJC_ARC = YES;
				CLANG_WARN_BOOL_CONVERSION = YES;
				CLANG_WARN_CONSTANT_CONVERSION = YES;
				CLANG_WARN_DIRECT_OBJC_ISA_USAGE = YES_ERROR;
				CLANG_WARN_DOCUMENTATION_COMMENTS = YES;
				CLANG_WARN_EMPTY_BODY = YES;
				CLANG_WARN_ENUM_CONVERSION = YES;
				CLANG_WARN_INT_CONVERSION = YES;
				CLANG_WARN_OBJC_ROOT_CLASS = YES_ERROR;
				CLANG_WARN_UNREACHABLE_CODE = YES;
				CLANG_WARN__DUPLICATE_METHOD_MATCH = YES;
				"CODE_SIGN_IDENTITY[sdk=iphoneos*]" = "iPhone Developer";
				COPY_PHASE_STRIP = NO;
				DEBUG_INFORMATION_FORMAT = "dwarf-with-dsym";
				ENABLE_NS_ASSERTIONS = NO;
				ENABLE_STRICT_OBJC_MSGSEND = YES;
				GCC_C_LANGUAGE_STANDARD = gnu99;
				GCC_NO_COMMON_BLOCKS = YES;
				GCC_WARN_64_TO_32_BIT_CONVERSION = YES;
				GCC_WARN_ABOUT_RETURN_TYPE = YES_ERROR;
				GCC_WARN_UNDECLARED_SELECTOR = YES;
				GCC_WARN_UNINITIALIZED_AUTOS = YES_AGGRESSIVE;
				GCC_WARN_UNUSED_FUNCTION = YES;
				GCC_WARN_UNUSED_VARIABLE = YES;
				IPHONEOS_DEPLOYMENT_TARGET = 10.0;
				MTL_ENABLE_DEBUG_INFO = NO;
				SDKROOT = iphoneos;
				VALIDATE_PRODUCT = YES;
			};
			name = Release;
		};
		D87122B31D3CA234005571B0 /* Debug */ = {
			isa = XCBuildConfiguration;
			buildSettings = {
				ASSETCATALOG_COMPILER_APPICON_NAME = AppIcon;
				CODE_SIGN_ENTITLEMENTS = "health读取数据/health读取数据.entitlements";
				INFOPLIST_FILE = "health读取数据/Info.plist";
				IPHONEOS_DEPLOYMENT_TARGET = 8.2;
				LD_RUNPATH_SEARCH_PATHS = "$(inherited) @executable_path/Frameworks";
				PRODUCT_BUNDLE_IDENTIFIER = "lvyongtao.com.health----";
				PRODUCT_NAME = "$(TARGET_NAME)";
			};
			name = Debug;
		};
		D87122B41D3CA234005571B0 /* Release */ = {
			isa = XCBuildConfiguration;
			buildSettings = {
				ASSETCATALOG_COMPILER_APPICON_NAME = AppIcon;
				CODE_SIGN_ENTITLEMENTS = "health读取数据/health读取数据.entitlements";
				INFOPLIST_FILE = "health读取数据/Info.plist";
				IPHONEOS_DEPLOYMENT_TARGET = 8.2;
				LD_RUNPATH_SEARCH_PATHS = "$(inherited) @executable_path/Frameworks";
				PRODUCT_BUNDLE_IDENTIFIER = "lvyongtao.com.health----";
				PRODUCT_NAME = "$(TARGET_NAME)";
			};
			name = Release;
		};
/* End XCBuildConfiguration section */

/* Begin XCConfigurationList section */
		D87122961D3CA232005571B0 /* Build configuration list for PBXProject "health读取数据" */ = {
			isa = XCConfigurationList;
			buildConfigurations = (
				D87122B01D3CA234005571B0 /* Debug */,
				D87122B11D3CA234005571B0 /* Release */,
			);
			defaultConfigurationIsVisible = 0;
			defaultConfigurationName = Release;
		};
		D87122B21D3CA234005571B0 /* Build configuration list for PBXNativeTarget "health读取数据" */ = {
			isa = XCConfigurationList;
			buildConfigurations = (
				D87122B31D3CA234005571B0 /* Debug */,
				D87122B41D3CA234005571B0 /* Release */,
			);
			defaultConfigurationIsVisible = 0;
			defaultConfigurationName = Release;
		};
/* End XCConfigurationList section */
	};
	rootObject = D87122931D3CA232005571B0 /* Project object */;
}
